
Microsoft Visual Studio Solution File, Format Version 12.00
# Visual Studio Version 16
VisualStudioVersion = 16.0.34031.81
MinimumVisualStudioVersion = 10.0.40219.1
Project("{2150E333-8FDC-42A3-9474-1A3956D46DE8}") = "Task0", "Task0", "{CF69D3C4-B539-44FC-803A-AF9DCC8CEA44}"
EndProject
Project("{FAE04EC0-301F-11D3-BF4B-00C04F79EFBC}") = "Tyuiu.AkimenkoME.Sprint0.Task0.V0", "Tyuiu.AkimenkoME.Sprint0.Task0.V0\Tyuiu.AkimenkoME.Sprint0.Task0.V0.csproj", "{427C78EE-C785-4654-BD31-060898ED4FEC}"
EndProject
Project("{2150E333-8FDC-42A3-9474-1A3956D46DE8}") = "Task1", "Task1", "{F3C444A7-0E79-4620-88D2-2AC583287101}"
EndProject
Project("{FAE04EC0-301F-11D3-BF4B-00C04F79EFBC}") = "Tyuiu.AkimenkoME.Sprint0.Task1.V0", "Tyuiu.AkimenkoME.Sprint0.Task1.V0\Tyuiu.AkimenkoME.Sprint0.Task1.V0.csproj", "{3F61C3D5-DF3D-457E-987E-8966B9FB9A7A}"
EndProject
Project("{2150E333-8FDC-42A3-9474-1A3956D46DE8}") = "Task2", "Task2", "{E9853D15-FD0F-4857-B8A8-BD7D4894939F}"
EndProject
Project("{FAE04EC0-301F-11D3-BF4B-00C04F79EFBC}") = "Tyuiu.AkimenkoME.Sprint0.Task2.V0", "Tyuiu.AkimenkoME.Sprint0.Task2.V0\Tyuiu.AkimenkoME.Sprint0.Task2.V0.csproj", "{67929FFA-0522-46CD-BCD4-7768ECFE8C40}"
EndProject
Project("{FAE04EC0-301F-11D3-BF4B-00C04F79EFBC}") = "Tyuiu.AkimenkoME.Sprint0.Task2.V0.Lib", "Tyuiu.AkimenkoME.Sprint0.Lib\Tyuiu.AkimenkoME.Sprint0.Task2.V0.Lib.csproj", "{824E7834-1308-4DB0-8771-F66FAFCDF1F2}"
EndProject
Project("{FAE04EC0-301F-11D3-BF4B-00C04F79EFBC}") = "Tyuiu.AkimenkoME.Sprint0.Task2.V0.Test", "Tyuiu.AkimenkoME.Sprint0.Task2.V0.Test\Tyuiu.AkimenkoME.Sprint0.Task2.V0.Test.csproj", "{A164C88D-BFF3-4321-88A8-0736974CB9F8}"
EndProject
Project("{2150E333-8FDC-42A3-9474-1A3956D46DE8}") = "Task3", "Task3", "{CD400472-5B2B-4BFF-8476-A8AF531ED99E}"
EndProject
Project("{FAE04EC0-301F-11D3-BF4B-00C04F79EFBC}") = "Tyuiu.AkimenkoME.Sprint0.Task3.V0.Lib", "Tyuiu.AkimenkoME.Sprint0.Task3.V0.Lib\Tyuiu.AkimenkoME.Sprint0.Task3.V0.Lib.csproj", "{B8393AE2-4484-4430-A03B-388013423AFC}"
EndProject
Project("{FAE04EC0-301F-11D3-BF4B-00C04F79EFBC}") = "Tyuiu.AkimenkoME.Sprint0.Task3.V0.Test", "Tyuiu.AkimenkoME.Sprint0.Task3.V0.Test\Tyuiu.AkimenkoME.Sprint0.Task3.V0.Test.csproj", "{B9ADC7E0-7A38-4CC3-9EA7-4C4B5D7A3FAF}"
EndProject
Project("{FAE04EC0-301F-11D3-BF4B-00C04F79EFBC}") = "Tyuiu.AkimenkoME.Sprint0.Task3.V0", "Tyuiu.AkimenkoME.Sprint0.Task3.V0\Tyuiu.AkimenkoME.Sprint0.Task3.V0.csproj", "{0DBE166F-E17C-4D43-938B-684173F8E993}"
EndProject
Project("{2150E333-8FDC-42A3-9474-1A3956D46DE8}") = "Task4", "Task4", "{46A035FF-9947-4A0E-9291-42989BE2F7CB}"
EndProject
Project("{FAE04EC0-301F-11D3-BF4B-00C04F79EFBC}") = "Tyuiu.AkimenkoME.Sprint0.Task4.V0", "Tyuiu.AkimenkoME.Sprint0.Task4.V0\Tyuiu.AkimenkoME.Sprint0.Task4.V0.csproj", "{256D9F47-1C72-47D1-AD29-9DAFFDEFA5B0}"
EndProject
Project("{FAE04EC0-301F-11D3-BF4B-00C04F79EFBC}") = "Tyuiu.AkimenkoME.Sprint0.Task4.V0.Test", "Tyuiu.AkimenkoME.Sprint0.Task4.V0.Test\Tyuiu.AkimenkoME.Sprint0.Task4.V0.Test.csproj", "{A5F10B9A-0211-4008-96D3-EEB096E892C7}"
EndProject
Project("{FAE04EC0-301F-11D3-BF4B-00C04F79EFBC}") = "Tyuiu.AkimenkoME.Sprint0.Task4.V0.Lib", "Tyuiu.AkimenkoME.Sprint0.Task4.V0.Lib\Tyuiu.AkimenkoME.Sprint0.Task4.V0.Lib.csproj", "{60BE033C-788C-4661-A48B-19EF50B51D56}"
EndProject
Project("{2150E333-8FDC-42A3-9474-1A3956D46DE8}") = "Task5", "Task5", "{21B4CD9F-051B-4803-A348-FD1E6C6218F3}"
EndProject
Project("{FAE04EC0-301F-11D3-BF4B-00C04F79EFBC}") = "Tyuiu.AkimenkoME.Sprint0.Task5.V0", "Tyuiu.AkimenkoME.Sprint0.Task5.V0\Tyuiu.AkimenkoME.Sprint0.Task5.V0.csproj", "{F73C9B1E-2D77-42AF-9D2C-DD9E33F8DC1F}"
EndProject
Project("{FAE04EC0-301F-11D3-BF4B-00C04F79EFBC}") = "Tyuiu.AkimenkoME.Sprint0Task5.V0.Lib", "Tyuiu.AkimenkoME.Sprint0Task5.V0.Lib\Tyuiu.AkimenkoME.Sprint0Task5.V0.Lib.csproj", "{17759680-581A-4E7C-AD40-C0C3B2BE6906}"
EndProject
Project("{FAE04EC0-301F-11D3-BF4B-00C04F79EFBC}") = "Tyuiu.AkimenkoME.Sprint0.Task5.V0.Test", "Tyuiu.AkimenkoME.Sprint0.Task5.V0.Test\Tyuiu.AkimenkoME.Sprint0.Task5.V0.Test.csproj", "{E007AB0F-250A-40E0-9A14-DDD06F194D6E}"
EndProject
Project("{2150E333-8FDC-42A3-9474-1A3956D46DE8}") = "Task6", "Task6", "{41189615-352C-4C23-AA2C-F79A0014242C}"
EndProject
Project("{FAE04EC0-301F-11D3-BF4B-00C04F79EFBC}") = "Tyuiu.AkimenkoME.Sprint0.Task6.V0", "Tyuiu.AkimenkoME.Sprint0.Task6.V0\Tyuiu.AkimenkoME.Sprint0.Task6.V0.csproj", "{9E208713-2B0D-4D87-A356-B44C3138F831}"
EndProject
Project("{FAE04EC0-301F-11D3-BF4B-00C04F79EFBC}") = "Tyuiu.AkimenkoME.Sprint0.Task6.V0.Test", "Tyuiu.AkimenkoME.Sprint0.Task6.V0.Test\Tyuiu.AkimenkoME.Sprint0.Task6.V0.Test.csproj", "{79DBDADF-F6E1-4E40-9D15-F024A65F7FCC}"
EndProject
Project("{FAE04EC0-301F-11D3-BF4B-00C04F79EFBC}") = "Tyuiu.AkimenkoME.Sprint0.Task6.V0.Lib", "Tyuiu.AkimenkoME.Sprint0.Task6.V0.Lib\Tyuiu.AkimenkoME.Sprint0.Task6.V0.Lib.csproj", "{B447B08E-332E-488C-B094-F18C64A52DEB}"
EndProject
Global
	GlobalSection(SolutionConfigurationPlatforms) = preSolution
		Debug|Any CPU = Debug|Any CPU
		Release|Any CPU = Release|Any CPU
	EndGlobalSection
	GlobalSection(ProjectConfigurationPlatforms) = postSolution
		{427C78EE-C785-4654-BD31-060898ED4FEC}.Debug|Any CPU.ActiveCfg = Debug|Any CPU
		{427C78EE-C785-4654-BD31-060898ED4FEC}.Debug|Any CPU.Build.0 = Debug|Any CPU
		{427C78EE-C785-4654-BD31-060898ED4FEC}.Release|Any CPU.ActiveCfg = Release|Any CPU
		{427C78EE-C785-4654-BD31-060898ED4FEC}.Release|Any CPU.Build.0 = Release|Any CPU
		{3F61C3D5-DF3D-457E-987E-8966B9FB9A7A}.Debug|Any CPU.ActiveCfg = Debug|Any CPU
		{3F61C3D5-DF3D-457E-987E-8966B9FB9A7A}.Debug|Any CPU.Build.0 = Debug|Any CPU
		{3F61C3D5-DF3D-457E-987E-8966B9FB9A7A}.Release|Any CPU.ActiveCfg = Release|Any CPU
		{3F61C3D5-DF3D-457E-987E-8966B9FB9A7A}.Release|Any CPU.Build.0 = Release|Any CPU
		{67929FFA-0522-46CD-BCD4-7768ECFE8C40}.Debug|Any CPU.ActiveCfg = Debug|Any CPU
		{67929FFA-0522-46CD-BCD4-7768ECFE8C40}.Debug|Any CPU.Build.0 = Debug|Any CPU
		{67929FFA-0522-46CD-BCD4-7768ECFE8C40}.Release|Any CPU.ActiveCfg = Release|Any CPU
		{67929FFA-0522-46CD-BCD4-7768ECFE8C40}.Release|Any CPU.Build.0 = Release|Any CPU
		{824E7834-1308-4DB0-8771-F66FAFCDF1F2}.Debug|Any CPU.ActiveCfg = Debug|Any CPU
		{824E7834-1308-4DB0-8771-F66FAFCDF1F2}.Debug|Any CPU.Build.0 = Debug|Any CPU
		{824E7834-1308-4DB0-8771-F66FAFCDF1F2}.Release|Any CPU.ActiveCfg = Release|Any CPU
		{824E7834-1308-4DB0-8771-F66FAFCDF1F2}.Release|Any CPU.Build.0 = Release|Any CPU
		{A164C88D-BFF3-4321-88A8-0736974CB9F8}.Debug|Any CPU.ActiveCfg = Debug|Any CPU
		{A164C88D-BFF3-4321-88A8-0736974CB9F8}.Debug|Any CPU.Build.0 = Debug|Any CPU
		{A164C88D-BFF3-4321-88A8-0736974CB9F8}.Release|Any CPU.ActiveCfg = Release|Any CPU
		{A164C88D-BFF3-4321-88A8-0736974CB9F8}.Release|Any CPU.Build.0 = Release|Any CPU
		{B8393AE2-4484-4430-A03B-388013423AFC}.Debug|Any CPU.ActiveCfg = Debug|Any CPU
		{B8393AE2-4484-4430-A03B-388013423AFC}.Debug|Any CPU.Build.0 = Debug|Any CPU
		{B8393AE2-4484-4430-A03B-388013423AFC}.Release|Any CPU.ActiveCfg = Release|Any CPU
		{B8393AE2-4484-4430-A03B-388013423AFC}.Release|Any CPU.Build.0 = Release|Any CPU
		{B9ADC7E0-7A38-4CC3-9EA7-4C4B5D7A3FAF}.Debug|Any CPU.ActiveCfg = Debug|Any CPU
		{B9ADC7E0-7A38-4CC3-9EA7-4C4B5D7A3FAF}.Debug|Any CPU.Build.0 = Debug|Any CPU
		{B9ADC7E0-7A38-4CC3-9EA7-4C4B5D7A3FAF}.Release|Any CPU.ActiveCfg = Release|Any CPU
		{B9ADC7E0-7A38-4CC3-9EA7-4C4B5D7A3FAF}.Release|Any CPU.Build.0 = Release|Any CPU
		{0DBE166F-E17C-4D43-938B-684173F8E993}.Debug|Any CPU.ActiveCfg = Debug|Any CPU
		{0DBE166F-E17C-4D43-938B-684173F8E993}.Debug|Any CPU.Build.0 = Debug|Any CPU
		{0DBE166F-E17C-4D43-938B-684173F8E993}.Release|Any CPU.ActiveCfg = Release|Any CPU
		{0DBE166F-E17C-4D43-938B-684173F8E993}.Release|Any CPU.Build.0 = Release|Any CPU
		{256D9F47-1C72-47D1-AD29-9DAFFDEFA5B0}.Debug|Any CPU.ActiveCfg = Debug|Any CPU
		{256D9F47-1C72-47D1-AD29-9DAFFDEFA5B0}.Debug|Any CPU.Build.0 = Debug|Any CPU
		{256D9F47-1C72-47D1-AD29-9DAFFDEFA5B0}.Release|Any CPU.ActiveCfg = Release|Any CPU
		{256D9F47-1C72-47D1-AD29-9DAFFDEFA5B0}.Release|Any CPU.Build.0 = Release|Any CPU
		{A5F10B9A-0211-4008-96D3-EEB096E892C7}.Debug|Any CPU.ActiveCfg = Debug|Any CPU
		{A5F10B9A-0211-4008-96D3-EEB096E892C7}.Debug|Any CPU.Build.0 = Debug|Any CPU
		{A5F10B9A-0211-4008-96D3-EEB096E892C7}.Release|Any CPU.ActiveCfg = Release|Any CPU
		{A5F10B9A-0211-4008-96D3-EEB096E892C7}.Release|Any CPU.Build.0 = Release|Any CPU
		{60BE033C-788C-4661-A48B-19EF50B51D56}.Debug|Any CPU.ActiveCfg = Debug|Any CPU
		{60BE033C-788C-4661-A48B-19EF50B51D56}.Debug|Any CPU.Build.0 = Debug|Any CPU
		{60BE033C-788C-4661-A48B-19EF50B51D56}.Release|Any CPU.ActiveCfg = Release|Any CPU
		{60BE033C-788C-4661-A48B-19EF50B51D56}.Release|Any CPU.Build.0 = Release|Any CPU
		{F73C9B1E-2D77-42AF-9D2C-DD9E33F8DC1F}.Debug|Any CPU.ActiveCfg = Debug|Any CPU
		{F73C9B1E-2D77-42AF-9D2C-DD9E33F8DC1F}.Debug|Any CPU.Build.0 = Debug|Any CPU
		{F73C9B1E-2D77-42AF-9D2C-DD9E33F8DC1F}.Release|Any CPU.ActiveCfg = Release|Any CPU
		{F73C9B1E-2D77-42AF-9D2C-DD9E33F8DC1F}.Release|Any CPU.Build.0 = Release|Any CPU
		{17759680-581A-4E7C-AD40-C0C3B2BE6906}.Debug|Any CPU.ActiveCfg = Debug|Any CPU
		{17759680-581A-4E7C-AD40-C0C3B2BE6906}.Debug|Any CPU.Build.0 = Debug|Any CPU
		{17759680-581A-4E7C-AD40-C0C3B2BE6906}.Release|Any CPU.ActiveCfg = Release|Any CPU
		{17759680-581A-4E7C-AD40-C0C3B2BE6906}.Release|Any CPU.Build.0 = Release|Any CPU
		{E007AB0F-250A-40E0-9A14-DDD06F194D6E}.Debug|Any CPU.ActiveCfg = Debug|Any CPU
		{E007AB0F-250A-40E0-9A14-DDD06F194D6E}.Debug|Any CPU.Build.0 = Debug|Any CPU
		{E007AB0F-250A-40E0-9A14-DDD06F194D6E}.Release|Any CPU.ActiveCfg = Release|Any CPU
		{E007AB0F-250A-40E0-9A14-DDD06F194D6E}.Release|Any CPU.Build.0 = Release|Any CPU
		{9E208713-2B0D-4D87-A356-B44C3138F831}.Debug|Any CPU.ActiveCfg = Debug|Any CPU
		{9E208713-2B0D-4D87-A356-B44C3138F831}.Debug|Any CPU.Build.0 = Debug|Any CPU
		{9E208713-2B0D-4D87-A356-B44C3138F831}.Release|Any CPU.ActiveCfg = Release|Any CPU
		{9E208713-2B0D-4D87-A356-B44C3138F831}.Release|Any CPU.Build.0 = Release|Any CPU
		{79DBDADF-F6E1-4E40-9D15-F024A65F7FCC}.Debug|Any CPU.ActiveCfg = Debug|Any CPU
		{79DBDADF-F6E1-4E40-9D15-F024A65F7FCC}.Debug|Any CPU.Build.0 = Debug|Any CPU
		{79DBDADF-F6E1-4E40-9D15-F024A65F7FCC}.Release|Any CPU.ActiveCfg = Release|Any CPU
		{79DBDADF-F6E1-4E40-9D15-F024A65F7FCC}.Release|Any CPU.Build.0 = Release|Any CPU
		{B447B08E-332E-488C-B094-F18C64A52DEB}.Debug|Any CPU.ActiveCfg = Debug|Any CPU
		{B447B08E-332E-488C-B094-F18C64A52DEB}.Debug|Any CPU.Build.0 = Debug|Any CPU
		{B447B08E-332E-488C-B094-F18C64A52DEB}.Release|Any CPU.ActiveCfg = Release|Any CPU
		{B447B08E-332E-488C-B094-F18C64A52DEB}.Release|Any CPU.Build.0 = Release|Any CPU
	EndGlobalSection
	GlobalSection(SolutionProperties) = preSolution
		HideSolutionNode = FALSE
	EndGlobalSection
	GlobalSection(NestedProjects) = preSolution
		{427C78EE-C785-4654-BD31-060898ED4FEC} = {CF69D3C4-B539-44FC-803A-AF9DCC8CEA44}
		{3F61C3D5-DF3D-457E-987E-8966B9FB9A7A} = {F3C444A7-0E79-4620-88D2-2AC583287101}
		{67929FFA-0522-46CD-BCD4-7768ECFE8C40} = {E9853D15-FD0F-4857-B8A8-BD7D4894939F}
		{824E7834-1308-4DB0-8771-F66FAFCDF1F2} = {E9853D15-FD0F-4857-B8A8-BD7D4894939F}
		{A164C88D-BFF3-4321-88A8-0736974CB9F8} = {E9853D15-FD0F-4857-B8A8-BD7D4894939F}
		{B8393AE2-4484-4430-A03B-388013423AFC} = {CD400472-5B2B-4BFF-8476-A8AF531ED99E}
		{B9ADC7E0-7A38-4CC3-9EA7-4C4B5D7A3FAF} = {CD400472-5B2B-4BFF-8476-A8AF531ED99E}
		{0DBE166F-E17C-4D43-938B-684173F8E993} = {CD400472-5B2B-4BFF-8476-A8AF531ED99E}
		{256D9F47-1C72-47D1-AD29-9DAFFDEFA5B0} = {46A035FF-9947-4A0E-9291-42989BE2F7CB}
		{A5F10B9A-0211-4008-96D3-EEB096E892C7} = {46A035FF-9947-4A0E-9291-42989BE2F7CB}
		{60BE033C-788C-4661-A48B-19EF50B51D56} = {46A035FF-9947-4A0E-9291-42989BE2F7CB}
		{F73C9B1E-2D77-42AF-9D2C-DD9E33F8DC1F} = {21B4CD9F-051B-4803-A348-FD1E6C6218F3}
		{17759680-581A-4E7C-AD40-C0C3B2BE6906} = {21B4CD9F-051B-4803-A348-FD1E6C6218F3}
		{E007AB0F-250A-40E0-9A14-DDD06F194D6E} = {21B4CD9F-051B-4803-A348-FD1E6C6218F3}
		{9E208713-2B0D-4D87-A356-B44C3138F831} = {41189615-352C-4C23-AA2C-F79A0014242C}
		{79DBDADF-F6E1-4E40-9D15-F024A65F7FCC} = {41189615-352C-4C23-AA2C-F79A0014242C}
		{B447B08E-332E-488C-B094-F18C64A52DEB} = {41189615-352C-4C23-AA2C-F79A0014242C}
	EndGlobalSection
	GlobalSection(ExtensibilityGlobals) = postSolution
		SolutionGuid = {226630AD-B75C-485E-B118-7069F2B7E1F8}
	EndGlobalSection
EndGlobal
